// !$*UTF8*$!
{
	archiveVersion = 1;
	classes = {
	};
	objectVersion = 50;
	objects = {

/* Begin PBXBuildFile section */
		B10E19B924CD8CB90041DA6E /* ConfirmPasswordSecureField.swift in Sources */ = {isa = PBXBuildFile; fileRef = B10E19B824CD8CB90041DA6E /* ConfirmPasswordSecureField.swift */; };
		B10E19BB24CD91020041DA6E /* SignUpButton.swift in Sources */ = {isa = PBXBuildFile; fileRef = B10E19BA24CD91020041DA6E /* SignUpButton.swift */; };
		B13CED2F24CD0F5E00738933 /* AvatarIcon.swift in Sources */ = {isa = PBXBuildFile; fileRef = B13CED2E24CD0F5E00738933 /* AvatarIcon.swift */; };
		B13CED3124CD0FF000738933 /* Avatar.swift in Sources */ = {isa = PBXBuildFile; fileRef = B13CED3024CD0FF000738933 /* Avatar.swift */; };
		B13CED3324CD130600738933 /* UserNameTextField.swift in Sources */ = {isa = PBXBuildFile; fileRef = B13CED3224CD130600738933 /* UserNameTextField.swift */; };
		B13CED3524CD199900738933 /* EmailTextField.swift in Sources */ = {isa = PBXBuildFile; fileRef = B13CED3424CD199900738933 /* EmailTextField.swift */; };
		B13CED3724CD1F1C00738933 /* PasswordSecureField.swift in Sources */ = {isa = PBXBuildFile; fileRef = B13CED3624CD1F1C00738933 /* PasswordSecureField.swift */; };
		B1A51E4724CB93E8001C1339 /* AppDelegate.swift in Sources */ = {isa = PBXBuildFile; fileRef = B1A51E4624CB93E8001C1339 /* AppDelegate.swift */; };
		B1A51E4924CB93E8001C1339 /* SceneDelegate.swift in Sources */ = {isa = PBXBuildFile; fileRef = B1A51E4824CB93E8001C1339 /* SceneDelegate.swift */; };
		B1A51E4B24CB93E8001C1339 /* ContentView.swift in Sources */ = {isa = PBXBuildFile; fileRef = B1A51E4A24CB93E8001C1339 /* ContentView.swift */; };
		B1A51E4D24CB93EC001C1339 /* Assets.xcassets in Resources */ = {isa = PBXBuildFile; fileRef = B1A51E4C24CB93EC001C1339 /* Assets.xcassets */; };
		B1A51E5024CB93EC001C1339 /* Preview Assets.xcassets in Resources */ = {isa = PBXBuildFile; fileRef = B1A51E4F24CB93EC001C1339 /* Preview Assets.xcassets */; };
		B1A51E5324CB93EC001C1339 /* LaunchScreen.storyboard in Resources */ = {isa = PBXBuildFile; fileRef = B1A51E5124CB93EC001C1339 /* LaunchScreen.storyboard */; };
		B1A51E8624CBC418001C1339 /* Profile.swift in Sources */ = {isa = PBXBuildFile; fileRef = B1A51E8524CBC418001C1339 /* Profile.swift */; };
		B1BAA19F24CBC51200497458 /* ProfileScreen.swift in Sources */ = {isa = PBXBuildFile; fileRef = B1BAA19E24CBC51200497458 /* ProfileScreen.swift */; };
/* End PBXBuildFile section */

/* Begin PBXFileReference section */
		B10E19B824CD8CB90041DA6E /* ConfirmPasswordSecureField.swift */ = {isa = PBXFileReference; lastKnownFileType = sourcecode.swift; path = ConfirmPasswordSecureField.swift; sourceTree = "<group>"; };
		B10E19BA24CD91020041DA6E /* SignUpButton.swift */ = {isa = PBXFileReference; lastKnownFileType = sourcecode.swift; path = SignUpButton.swift; sourceTree = "<group>"; };
		B13CED2E24CD0F5E00738933 /* AvatarIcon.swift */ = {isa = PBXFileReference; lastKnownFileType = sourcecode.swift; path = AvatarIcon.swift; sourceTree = "<group>"; };
		B13CED3024CD0FF000738933 /* Avatar.swift */ = {isa = PBXFileReference; lastKnownFileType = sourcecode.swift; path = Avatar.swift; sourceTree = "<group>"; };
		B13CED3224CD130600738933 /* UserNameTextField.swift */ = {isa = PBXFileReference; lastKnownFileType = sourcecode.swift; path = UserNameTextField.swift; sourceTree = "<group>"; };
		B13CED3424CD199900738933 /* EmailTextField.swift */ = {isa = PBXFileReference; lastKnownFileType = sourcecode.swift; path = EmailTextField.swift; sourceTree = "<group>"; };
		B13CED3624CD1F1C00738933 /* PasswordSecureField.swift */ = {isa = PBXFileReference; lastKnownFileType = sourcecode.swift; path = PasswordSecureField.swift; sourceTree = "<group>"; };
		B1A51E4324CB93E8001C1339 /* SignUp.app */ = {isa = PBXFileReference; explicitFileType = wrapper.application; includeInIndex = 0; path = SignUp.app; sourceTree = BUILT_PRODUCTS_DIR; };
		B1A51E4624CB93E8001C1339 /* AppDelegate.swift */ = {isa = PBXFileReference; lastKnownFileType = sourcecode.swift; path = AppDelegate.swift; sourceTree = "<group>"; };
		B1A51E4824CB93E8001C1339 /* SceneDelegate.swift */ = {isa = PBXFileReference; lastKnownFileType = sourcecode.swift; path = SceneDelegate.swift; sourceTree = "<group>"; };
		B1A51E4A24CB93E8001C1339 /* ContentView.swift */ = {isa = PBXFileReference; lastKnownFileType = sourcecode.swift; path = ContentView.swift; sourceTree = "<group>"; };
		B1A51E4C24CB93EC001C1339 /* Assets.xcassets */ = {isa = PBXFileReference; lastKnownFileType = folder.assetcatalog; path = Assets.xcassets; sourceTree = "<group>"; };
		B1A51E4F24CB93EC001C1339 /* Preview Assets.xcassets */ = {isa = PBXFileReference; lastKnownFileType = folder.assetcatalog; path = "Preview Assets.xcassets"; sourceTree = "<group>"; };
		B1A51E5224CB93EC001C1339 /* Base */ = {isa = PBXFileReference; lastKnownFileType = file.storyboard; name = Base; path = Base.lproj/LaunchScreen.storyboard; sourceTree = "<group>"; };
		B1A51E5424CB93EC001C1339 /* Info.plist */ = {isa = PBXFileReference; lastKnownFileType = text.plist.xml; path = Info.plist; sourceTree = "<group>"; };
		B1A51E8524CBC418001C1339 /* Profile.swift */ = {isa = PBXFileReference; lastKnownFileType = sourcecode.swift; path = Profile.swift; sourceTree = "<group>"; };
		B1BAA19E24CBC51200497458 /* ProfileScreen.swift */ = {isa = PBXFileReference; lastKnownFileType = sourcecode.swift; path = ProfileScreen.swift; sourceTree = "<group>"; };
/* End PBXFileReference section */

/* Begin PBXFrameworksBuildPhase section */
		B1A51E4024CB93E8001C1339 /* Frameworks */ = {
			isa = PBXFrameworksBuildPhase;
			buildActionMask = 2147483647;
			files = (
			);
			runOnlyForDeploymentPostprocessing = 0;
		};
/* End PBXFrameworksBuildPhase section */

/* Begin PBXGroup section */
		B1A51E3A24CB93E8001C1339 = {
			isa = PBXGroup;
			children = (
				B1A51E4524CB93E8001C1339 /* SignUp */,
				B1A51E4424CB93E8001C1339 /* Products */,
			);
			sourceTree = "<group>";
		};
		B1A51E4424CB93E8001C1339 /* Products */ = {
			isa = PBXGroup;
			children = (
				B1A51E4324CB93E8001C1339 /* SignUp.app */,
			);
			name = Products;
			sourceTree = "<group>";
		};
		B1A51E4524CB93E8001C1339 /* SignUp */ = {
			isa = PBXGroup;
			children = (
				B1A51E8424CBC3FC001C1339 /* Models */,
				B1A51E8324CBC3F2001C1339 /* Screens */,
				B1A51E4624CB93E8001C1339 /* AppDelegate.swift */,
				B1A51E4824CB93E8001C1339 /* SceneDelegate.swift */,
				B1A51E4A24CB93E8001C1339 /* ContentView.swift */,
				B1A51E4C24CB93EC001C1339 /* Assets.xcassets */,
				B1A51E5124CB93EC001C1339 /* LaunchScreen.storyboard */,
				B1A51E5424CB93EC001C1339 /* Info.plist */,
				B1A51E4E24CB93EC001C1339 /* Preview Content */,
			);
			path = SignUp;
			sourceTree = "<group>";
		};
		B1A51E4E24CB93EC001C1339 /* Preview Content */ = {
			isa = PBXGroup;
			children = (
				B1A51E4F24CB93EC001C1339 /* Preview Assets.xcassets */,
			);
			path = "Preview Content";
			sourceTree = "<group>";
		};
		B1A51E8324CBC3F2001C1339 /* Screens */ = {
			isa = PBXGroup;
			children = (
				B1BAA19E24CBC51200497458 /* ProfileScreen.swift */,
				B13CED2E24CD0F5E00738933 /* AvatarIcon.swift */,
				B13CED3224CD130600738933 /* UserNameTextField.swift */,
				B13CED3424CD199900738933 /* EmailTextField.swift */,
				B13CED3624CD1F1C00738933 /* PasswordSecureField.swift */,
				B10E19B824CD8CB90041DA6E /* ConfirmPasswordSecureField.swift */,
				B10E19BA24CD91020041DA6E /* SignUpButton.swift */,
			);
			path = Screens;
			sourceTree = "<group>";
		};
		B1A51E8424CBC3FC001C1339 /* Models */ = {
			isa = PBXGroup;
			children = (
				B1A51E8524CBC418001C1339 /* Profile.swift */,
				B13CED3024CD0FF000738933 /* Avatar.swift */,
			);
			path = Models;
			sourceTree = "<group>";
		};
/* End PBXGroup section */

/* Begin PBXNativeTarget section */
		B1A51E4224CB93E8001C1339 /* SignUp */ = {
			isa = PBXNativeTarget;
			buildConfigurationList = B1A51E5724CB93EC001C1339 /* Build configuration list for PBXNativeTarget "SignUp" */;
			buildPhases = (
				B1A51E3F24CB93E8001C1339 /* Sources */,
				B1A51E4024CB93E8001C1339 /* Frameworks */,
				B1A51E4124CB93E8001C1339 /* Resources */,
			);
			buildRules = (
			);
			dependencies = (
			);
			name = SignUp;
			productName = SignUp;
			productReference = B1A51E4324CB93E8001C1339 /* SignUp.app */;
			productType = "com.apple.product-type.application";
		};
/* End PBXNativeTarget section */

/* Begin PBXProject section */
		B1A51E3B24CB93E8001C1339 /* Project object */ = {
			isa = PBXProject;
			attributes = {
				LastSwiftUpdateCheck = 1160;
				LastUpgradeCheck = 1160;
				ORGANIZATIONNAME = AbneyAnalytics;
				TargetAttributes = {
					B1A51E4224CB93E8001C1339 = {
						CreatedOnToolsVersion = 11.6;
					};
				};
			};
			buildConfigurationList = B1A51E3E24CB93E8001C1339 /* Build configuration list for PBXProject "SignUp" */;
			compatibilityVersion = "Xcode 9.3";
			developmentRegion = en;
			hasScannedForEncodings = 0;
			knownRegions = (
				en,
				Base,
			);
			mainGroup = B1A51E3A24CB93E8001C1339;
			productRefGroup = B1A51E4424CB93E8001C1339 /* Products */;
			projectDirPath = "";
			projectRoot = "";
			targets = (
				B1A51E4224CB93E8001C1339 /* SignUp */,
			);
		};
/* End PBXProject section */

/* Begin PBXResourcesBuildPhase section */
		B1A51E4124CB93E8001C1339 /* Resources */ = {
			isa = PBXResourcesBuildPhase;
			buildActionMask = 2147483647;
			files = (
				B1A51E5324CB93EC001C1339 /* LaunchScreen.storyboard in Resources */,
				B1A51E5024CB93EC001C1339 /* Preview Assets.xcassets in Resources */,
				B1A51E4D24CB93EC001C1339 /* Assets.xcassets in Resources */,
			);
			runOnlyForDeploymentPostprocessing = 0;
		};
/* End PBXResourcesBuildPhase section */

/* Begin PBXSourcesBuildPhase section */
		B1A51E3F24CB93E8001C1339 /* Sources */ = {
			isa = PBXSourcesBuildPhase;
			buildActionMask = 2147483647;
			files = (
				B10E19B924CD8CB90041DA6E /* ConfirmPasswordSecureField.swift in Sources */,
				B1A51E4724CB93E8001C1339 /* AppDelegate.swift in Sources */,
				B1A51E8624CBC418001C1339 /* Profile.swift in Sources */,
				B1A51E4924CB93E8001C1339 /* SceneDelegate.swift in Sources */,
				B13CED3324CD130600738933 /* UserNameTextField.swift in Sources */,
				B13CED3724CD1F1C00738933 /* PasswordSecureField.swift in Sources */,
				B13CED2F24CD0F5E00738933 /* AvatarIcon.swift in Sources */,
				B13CED3524CD199900738933 /* EmailTextField.swift in Sources */,
				B13CED3124CD0FF000738933 /* Avatar.swift in Sources */,
				B1A51E4B24CB93E8001C1339 /* ContentView.swift in Sources */,
				B1BAA19F24CBC51200497458 /* ProfileScreen.swift in Sources */,
				B10E19BB24CD91020041DA6E /* SignUpButton.swift in Sources */,
			);
			runOnlyForDeploymentPostprocessing = 0;
		};
/* End PBXSourcesBuildPhase section */

/* Begin PBXVariantGroup section */
		B1A51E5124CB93EC001C1339 /* LaunchScreen.storyboard */ = {
			isa = PBXVariantGroup;
			children = (
				B1A51E5224CB93EC001C1339 /* Base */,
			);
			name = LaunchScreen.storyboard;
			sourceTree = "<group>";
		};
/* End PBXVariantGroup section */

/* Begin XCBuildConfiguration section */
		B1A51E5524CB93EC001C1339 /* Debug */ = {
			isa = XCBuildConfiguration;
			buildSettings = {
				ALWAYS_SEARCH_USER_PATHS = NO;
				CLANG_ANALYZER_NONNULL = YES;
				CLANG_ANALYZER_NUMBER_OBJECT_CONVERSION = YES_AGGRESSIVE;
				CLANG_CXX_LANGUAGE_STANDARD = "gnu++14";
				CLANG_CXX_LIBRARY = "libc++";
				CLANG_ENABLE_MODULES = YES;
				CLANG_ENABLE_OBJC_ARC = YES;
				CLANG_ENABLE_OBJC_WEAK = YES;
				CLANG_WARN_BLOCK_CAPTURE_AUTORELEASING = YES;
				CLANG_WARN_BOOL_CONVERSION = YES;
				CLANG_WARN_COMMA = YES;
				CLANG_WARN_CONSTANT_CONVERSION = YES;
				CLANG_WARN_DEPRECATED_OBJC_IMPLEMENTATIONS = YES;
				CLANG_WARN_DIRECT_OBJC_ISA_USAGE = YES_ERROR;
				CLANG_WARN_DOCUMENTATION_COMMENTS = YES;
				CLANG_WARN_EMPTY_BODY = YES;
				CLANG_WARN_ENUM_CONVERSION = YES;
				CLANG_WARN_INFINITE_RECURSION = YES;
				CLANG_WARN_INT_CONVERSION = YES;
				CLANG_WARN_NON_LITERAL_NULL_CONVERSION = YES;
				CLANG_WARN_OBJC_IMPLICIT_RETAIN_SELF = YES;
				CLANG_WARN_OBJC_LITERAL_CONVERSION = YES;
				CLANG_WARN_OBJC_ROOT_CLASS = YES_ERROR;
				CLANG_WARN_RANGE_LOOP_ANALYSIS = YES;
				CLANG_WARN_STRICT_PROTOTYPES = YES;
				CLANG_WARN_SUSPICIOUS_MOVE = YES;
				CLANG_WARN_UNGUARDED_AVAILABILITY = YES_AGGRESSIVE;
				CLANG_WARN_UNREACHABLE_CODE = YES;
				CLANG_WARN__DUPLICATE_METHOD_MATCH = YES;
				COPY_PHASE_STRIP = NO;
				DEBUG_INFORMATION_FORMAT = dwarf;
				ENABLE_STRICT_OBJC_MSGSEND = YES;
				ENABLE_TESTABILITY = YES;
				GCC_C_LANGUAGE_STANDARD = gnu11;
				GCC_DYNAMIC_NO_PIC = NO;
				GCC_NO_COMMON_BLOCKS = YES;
				GCC_OPTIMIZATION_LEVEL = 0;
				GCC_PREPROCESSOR_DEFINITIONS = (
					"DEBUG=1",
					"$(inherited)",
				);
				GCC_WARN_64_TO_32_BIT_CONVERSION = YES;
				GCC_WARN_ABOUT_RETURN_TYPE = YES_ERROR;
				GCC_WARN_UNDECLARED_SELECTOR = YES;
				GCC_WARN_UNINITIALIZED_AUTOS = YES_AGGRESSIVE;
				GCC_WARN_UNUSED_FUNCTION = YES;
				GCC_WARN_UNUSED_VARIABLE = YES;
				IPHONEOS_DEPLOYMENT_TARGET = 13.6;
				MTL_ENABLE_DEBUG_INFO = INCLUDE_SOURCE;
				MTL_FAST_MATH = YES;
				ONLY_ACTIVE_ARCH = YES;
				SDKROOT = iphoneos;
				SWIFT_ACTIVE_COMPILATION_CONDITIONS = DEBUG;
				SWIFT_OPTIMIZATION_LEVEL = "-Onone";
			};
			name = Debug;
		};
		B1A51E5624CB93EC001C1339 /* Release */ = {
			isa = XCBuildConfiguration;
			buildSettings = {
				ALWAYS_SEARCH_USER_PATHS = NO;
				CLANG_ANALYZER_NONNULL = YES;
				CLANG_ANALYZER_NUMBER_OBJECT_CONVERSION = YES_AGGRESSIVE;
				CLANG_CXX_LANGUAGE_STANDARD = "gnu++14";
				CLANG_CXX_LIBRARY = "libc++";
				CLANG_ENABLE_MODULES = YES;
				CLANG_ENABLE_OBJC_ARC = YES;
				CLANG_ENABLE_OBJC_WEAK = YES;
				CLANG_WARN_BLOCK_CAPTURE_AUTORELEASING = YES;
				CLANG_WARN_BOOL_CONVERSION = YES;
				CLANG_WARN_COMMA = YES;
				CLANG_WARN_CONSTANT_CONVERSION = YES;
				CLANG_WARN_DEPRECATED_OBJC_IMPLEMENTATIONS = YES;
				CLANG_WARN_DIRECT_OBJC_ISA_USAGE = YES_ERROR;
				CLANG_WARN_DOCUMENTATION_COMMENTS = YES;
				CLANG_WARN_EMPTY_BODY = YES;
				CLANG_WARN_ENUM_CONVERSION = YES;
				CLANG_WARN_INFINITE_RECURSION = YES;
				CLANG_WARN_INT_CONVERSION = YES;
				CLANG_WARN_NON_LITERAL_NULL_CONVERSION = YES;
				CLANG_WARN_OBJC_IMPLICIT_RETAIN_SELF = YES;
				CLANG_WARN_OBJC_LITERAL_CONVERSION = YES;
				CLANG_WARN_OBJC_ROOT_CLASS = YES_ERROR;
				CLANG_WARN_RANGE_LOOP_ANALYSIS = YES;
				CLANG_WARN_STRICT_PROTOTYPES = YES;
				CLANG_WARN_SUSPICIOUS_MOVE = YES;
				CLANG_WARN_UNGUARDED_AVAILABILITY = YES_AGGRESSIVE;
				CLANG_WARN_UNREACHABLE_CODE = YES;
				CLANG_WARN__DUPLICATE_METHOD_MATCH = YES;
				COPY_PHASE_STRIP = NO;
				DEBUG_INFORMATION_FORMAT = "dwarf-with-dsym";
				ENABLE_NS_ASSERTIONS = NO;
				ENABLE_STRICT_OBJC_MSGSEND = YES;
				GCC_C_LANGUAGE_STANDARD = gnu11;
				GCC_NO_COMMON_BLOCKS = YES;
				GCC_WARN_64_TO_32_BIT_CONVERSION = YES;
				GCC_WARN_ABOUT_RETURN_TYPE = YES_ERROR;
				GCC_WARN_UNDECLARED_SELECTOR = YES;
				GCC_WARN_UNINITIALIZED_AUTOS = YES_AGGRESSIVE;
				GCC_WARN_UNUSED_FUNCTION = YES;
				GCC_WARN_UNUSED_VARIABLE = YES;
				IPHONEOS_DEPLOYMENT_TARGET = 13.6;
				MTL_ENABLE_DEBUG_INFO = NO;
				MTL_FAST_MATH = YES;
				SDKROOT = iphoneos;
				SWIFT_COMPILATION_MODE = wholemodule;
				SWIFT_OPTIMIZATION_LEVEL = "-O";
				VALIDATE_PRODUCT = YES;
			};
			name = Release;
		};
		B1A51E5824CB93EC001C1339 /* Debug */ = {
			isa = XCBuildConfiguration;
			buildSettings = {
				ASSETCATALOG_COMPILER_APPICON_NAME = AppIcon;
				CODE_SIGN_STYLE = Automatic;
				DEVELOPMENT_ASSET_PATHS = "\"SignUp/Preview Content\"";
				DEVELOPMENT_TEAM = W7ULA4X9L6;
				ENABLE_PREVIEWS = YES;
				INFOPLIST_FILE = SignUp/Info.plist;
				LD_RUNPATH_SEARCH_PATHS = (
					"$(inherited)",
					"@executable_path/Frameworks",
				);
				PRODUCT_BUNDLE_IDENTIFIER = com.abneyanalytics.SignUp;
				PRODUCT_NAME = "$(TARGET_NAME)";
				SWIFT_VERSION = 5.0;
				TARGETED_DEVICE_FAMILY = "1,2";
			};
			name = Debug;
		};
		B1A51E5924CB93EC001C1339 /* Release */ = {
			isa = XCBuildConfiguration;
			buildSettings = {
				ASSETCATALOG_COMPILER_APPICON_NAME = AppIcon;
				CODE_SIGN_STYLE = Automatic;
				DEVELOPMENT_ASSET_PATHS = "\"SignUp/Preview Content\"";
				DEVELOPMENT_TEAM = W7ULA4X9L6;
				ENABLE_PREVIEWS = YES;
				INFOPLIST_FILE = SignUp/Info.plist;
				LD_RUNPATH_SEARCH_PATHS = (
					"$(inherited)",
					"@executable_path/Frameworks",
				);
				PRODUCT_BUNDLE_IDENTIFIER = com.abneyanalytics.SignUp;
				PRODUCT_NAME = "$(TARGET_NAME)";
				SWIFT_VERSION = 5.0;
				TARGETED_DEVICE_FAMILY = "1,2";
			};
			name = Release;
		};
/* End XCBuildConfiguration section */

/* Begin XCConfigurationList section */
		B1A51E3E24CB93E8001C1339 /* Build configuration list for PBXProject "SignUp" */ = {
			isa = XCConfigurationList;
			buildConfigurations = (
				B1A51E5524CB93EC001C1339 /* Debug */,
				B1A51E5624CB93EC001C1339 /* Release */,
			);
			defaultConfigurationIsVisible = 0;
			defaultConfigurationName = Release;
		};
		B1A51E5724CB93EC001C1339 /* Build configuration list for PBXNativeTarget "SignUp" */ = {
			isa = XCConfigurationList;
			buildConfigurations = (
				B1A51E5824CB93EC001C1339 /* Debug */,
				B1A51E5924CB93EC001C1339 /* Release */,
			);
			defaultConfigurationIsVisible = 0;
			defaultConfigurationName = Release;
		};
/* End XCConfigurationList section */
	};
	rootObject = B1A51E3B24CB93E8001C1339 /* Project object */;
}
